
Microsoft Visual Studio Solution File, Format Version 12.00
# Visual Studio Version 17
VisualStudioVersion = 17.14.36717.8 d17.14
MinimumVisualStudioVersion = 10.0.40219.1
Project("{FAE04EC0-301F-11D3-BF4B-00C04F79EFBC}") = "Car Rental Management System", "Car Rental Management System\Car Rental Management System.csproj", "{68D25CD3-C828-4FB3-A0E5-E1CF2AF8B807}"
EndProject
Global
	GlobalSection(SolutionConfigurationPlatforms) = preSolution
		Debug|Any CPU = Debug|Any CPU
		Release|Any CPU = Release|Any CPU
	EndGlobalSection
	GlobalSection(ProjectConfigurationPlatforms) = postSolution
		{68D25CD3-C828-4FB3-A0E5-E1CF2AF8B807}.Debug|Any CPU.ActiveCfg = Debug|Any CPU
		{68D25CD3-C828-4FB3-A0E5-E1CF2AF8B807}.Debug|Any CPU.Build.0 = Debug|Any CPU
		{68D25CD3-C828-4FB3-A0E5-E1CF2AF8B807}.Release|Any CPU.ActiveCfg = Release|Any CPU
		{68D25CD3-C828-4FB3-A0E5-E1CF2AF8B807}.Release|Any CPU.Build.0 = Release|Any CPU
	EndGlobalSection
	GlobalSection(SolutionProperties) = preSolution
		HideSolutionNode = FALSE
	EndGlobalSection
	GlobalSection(ExtensibilityGlobals) = postSolution
		SolutionGuid = {C013F6A7-FFCD-490A-82E2-B1D639DE2D1C}
	EndGlobalSection
EndGlobal
